
Microsoft Visual Studio Solution File, Format Version 12.00
# Visual Studio Version 16
VisualStudioVersion = 16.0.29215.179
MinimumVisualStudioVersion = 10.0.40219.1
Project("{FAE04EC0-301F-11D3-BF4B-00C04F79EFBC}") = "CatLab", "CatLab\CatLab.csproj", "{E40BC969-B17B-4C3C-92E9-295A75BEDFD7}"
EndProject
Global
	GlobalSection(SolutionConfigurationPlatforms) = preSolution
		Debug|Any CPU = Debug|Any CPU
		Release|Any CPU = Release|Any CPU
	EndGlobalSection
	GlobalSection(ProjectConfigurationPlatforms) = postSolution
		{E40BC969-B17B-4C3C-92E9-295A75BEDFD7}.Debug|Any CPU.ActiveCfg = Debug|Any CPU
		{E40BC969-B17B-4C3C-92E9-295A75BEDFD7}.Debug|Any CPU.Build.0 = Debug|Any CPU
		{E40BC969-B17B-4C3C-92E9-295A75BEDFD7}.Release|Any CPU.ActiveCfg = Release|Any CPU
		{E40BC969-B17B-4C3C-92E9-295A75BEDFD7}.Release|Any CPU.Build.0 = Release|Any CPU
	EndGlobalSection
	GlobalSection(SolutionProperties) = preSolution
		HideSolutionNode = FALSE
	EndGlobalSection
	GlobalSection(ExtensibilityGlobals) = postSolution
		SolutionGuid = {292F99C3-18D1-4F46-9FA7-4A08F781DB90}
	EndGlobalSection
EndGlobal
